// !$*UTF8*$!
{
	archiveVersion = 1;
	classes = {
	};
	objectVersion = 46;
	objects = {

/* Begin PBXBuildFile section */
		08C288921E9781F7006536B4 /* AppDelegate.swift in Sources */ = {isa = PBXBuildFile; fileRef = 08C288911E9781F7006536B4 /* AppDelegate.swift */; };
		08C288941E9781F7006536B4 /* ViewController.swift in Sources */ = {isa = PBXBuildFile; fileRef = 08C288931E9781F7006536B4 /* ViewController.swift */; };
		08C288971E9781F7006536B4 /* Main.storyboard in Resources */ = {isa = PBXBuildFile; fileRef = 08C288951E9781F7006536B4 /* Main.storyboard */; };
		08C288991E9781F7006536B4 /* Assets.xcassets in Resources */ = {isa = PBXBuildFile; fileRef = 08C288981E9781F7006536B4 /* Assets.xcassets */; };
		08C2889C1E9781F7006536B4 /* LaunchScreen.storyboard in Resources */ = {isa = PBXBuildFile; fileRef = 08C2889A1E9781F7006536B4 /* LaunchScreen.storyboard */; };
		08C288A81E978477006536B4 /* GoogleService-Info.plist in Resources */ = {isa = PBXBuildFile; fileRef = 08C288A71E978477006536B4 /* GoogleService-Info.plist */; };
		3A7AB5AA50552DF0091BFEA6 /* Pods_analytics_test.framework in Frameworks */ = {isa = PBXBuildFile; fileRef = 9EE06D7049A20DA54C3ECEF8 /* Pods_analytics_test.framework */; };
/* End PBXBuildFile section */

/* Begin PBXFileReference section */
		08C2888E1E9781F7006536B4 /* analytics test.app */ = {isa = PBXFileReference; explicitFileType = wrapper.application; includeInIndex = 0; path = "analytics test.app"; sourceTree = BUILT_PRODUCTS_DIR; };
		08C288911E9781F7006536B4 /* AppDelegate.swift */ = {isa = PBXFileReference; lastKnownFileType = sourcecode.swift; path = AppDelegate.swift; sourceTree = "<group>"; };
		08C288931E9781F7006536B4 /* ViewController.swift */ = {isa = PBXFileReference; lastKnownFileType = sourcecode.swift; path = ViewController.swift; sourceTree = "<group>"; };
		08C288961E9781F7006536B4 /* Base */ = {isa = PBXFileReference; lastKnownFileType = file.storyboard; name = Base; path = Base.lproj/Main.storyboard; sourceTree = "<group>"; };
		08C288981E9781F7006536B4 /* Assets.xcassets */ = {isa = PBXFileReference; lastKnownFileType = folder.assetcatalog; path = Assets.xcassets; sourceTree = "<group>"; };
		08C2889B1E9781F7006536B4 /* Base */ = {isa = PBXFileReference; lastKnownFileType = file.storyboard; name = Base; path = Base.lproj/LaunchScreen.storyboard; sourceTree = "<group>"; };
		08C2889D1E9781F7006536B4 /* Info.plist */ = {isa = PBXFileReference; lastKnownFileType = text.plist.xml; path = Info.plist; sourceTree = "<group>"; };
		08C288A31E9783CA006536B4 /* analytics test-Bridging-Header.h */ = {isa = PBXFileReference; lastKnownFileType = sourcecode.c.h; path = "analytics test-Bridging-Header.h"; sourceTree = "<group>"; };
		08C288A71E978477006536B4 /* GoogleService-Info.plist */ = {isa = PBXFileReference; fileEncoding = 4; lastKnownFileType = text.plist.xml; path = "GoogleService-Info.plist"; sourceTree = "<group>"; };
		9EE06D7049A20DA54C3ECEF8 /* Pods_analytics_test.framework */ = {isa = PBXFileReference; explicitFileType = wrapper.framework; includeInIndex = 0; path = Pods_analytics_test.framework; sourceTree = BUILT_PRODUCTS_DIR; };
		C673DBA9D145D7D27B7827B4 /* Pods-analytics test.release.xcconfig */ = {isa = PBXFileReference; includeInIndex = 1; lastKnownFileType = text.xcconfig; name = "Pods-analytics test.release.xcconfig"; path = "Pods/Target Support Files/Pods-analytics test/Pods-analytics test.release.xcconfig"; sourceTree = "<group>"; };
		FFC100E6CD2336B5BC8CFE59 /* Pods-analytics test.debug.xcconfig */ = {isa = PBXFileReference; includeInIndex = 1; lastKnownFileType = text.xcconfig; name = "Pods-analytics test.debug.xcconfig"; path = "Pods/Target Support Files/Pods-analytics test/Pods-analytics test.debug.xcconfig"; sourceTree = "<group>"; };
/* End PBXFileReference section */

/* Begin PBXFrameworksBuildPhase section */
		08C2888B1E9781F7006536B4 /* Frameworks */ = {
			isa = PBXFrameworksBuildPhase;
			buildActionMask = 2147483647;
			files = (
				3A7AB5AA50552DF0091BFEA6 /* Pods_analytics_test.framework in Frameworks */,
			);
			runOnlyForDeploymentPostprocessing = 0;
		};
/* End PBXFrameworksBuildPhase section */

/* Begin PBXGroup section */
		08C288851E9781F7006536B4 = {
			isa = PBXGroup;
			children = (
				08C288901E9781F7006536B4 /* analytics test */,
				08C2888F1E9781F7006536B4 /* Products */,
				85FB7026DEC25E617C20A2AC /* Pods */,
				CBFF6FB9318EFEDCF2CACEFF /* Frameworks */,
				08C288A31E9783CA006536B4 /* analytics test-Bridging-Header.h */,
				08C288A71E978477006536B4 /* GoogleService-Info.plist */,
			);
			sourceTree = "<group>";
		};
		08C2888F1E9781F7006536B4 /* Products */ = {
			isa = PBXGroup;
			children = (
				08C2888E1E9781F7006536B4 /* analytics test.app */,
			);
			name = Products;
			sourceTree = "<group>";
		};
		08C288901E9781F7006536B4 /* analytics test */ = {
			isa = PBXGroup;
			children = (
				08C288911E9781F7006536B4 /* AppDelegate.swift */,
				08C288931E9781F7006536B4 /* ViewController.swift */,
				08C288951E9781F7006536B4 /* Main.storyboard */,
				08C288981E9781F7006536B4 /* Assets.xcassets */,
				08C2889A1E9781F7006536B4 /* LaunchScreen.storyboard */,
				08C2889D1E9781F7006536B4 /* Info.plist */,
			);
			path = "analytics test";
			sourceTree = "<group>";
		};
		85FB7026DEC25E617C20A2AC /* Pods */ = {
			isa = PBXGroup;
			children = (
				FFC100E6CD2336B5BC8CFE59 /* Pods-analytics test.debug.xcconfig */,
				C673DBA9D145D7D27B7827B4 /* Pods-analytics test.release.xcconfig */,
			);
			name = Pods;
			sourceTree = "<group>";
		};
		CBFF6FB9318EFEDCF2CACEFF /* Frameworks */ = {
			isa = PBXGroup;
			children = (
				9EE06D7049A20DA54C3ECEF8 /* Pods_analytics_test.framework */,
			);
			name = Frameworks;
			sourceTree = "<group>";
		};
/* End PBXGroup section */

/* Begin PBXNativeTarget section */
		08C2888D1E9781F7006536B4 /* analytics test */ = {
			isa = PBXNativeTarget;
			buildConfigurationList = 08C288A01E9781F7006536B4 /* Build configuration list for PBXNativeTarget "analytics test" */;
			buildPhases = (
				4B15851420A062AACE0B363E /* [CP] Check Pods Manifest.lock */,
				08C2888A1E9781F7006536B4 /* Sources */,
				08C2888B1E9781F7006536B4 /* Frameworks */,
				08C2888C1E9781F7006536B4 /* Resources */,
				A3C1DB93C09B321D08E184E3 /* [CP] Embed Pods Frameworks */,
				87F08285121C3A88E7B05407 /* [CP] Copy Pods Resources */,
			);
			buildRules = (
			);
			dependencies = (
			);
			name = "analytics test";
			productName = "analytics test";
			productReference = 08C2888E1E9781F7006536B4 /* analytics test.app */;
			productType = "com.apple.product-type.application";
		};
/* End PBXNativeTarget section */

/* Begin PBXProject section */
		08C288861E9781F7006536B4 /* Project object */ = {
			isa = PBXProject;
			attributes = {
				LastSwiftUpdateCheck = 0830;
				LastUpgradeCheck = 0830;
				ORGANIZATIONNAME = "Dima Osadchy";
				TargetAttributes = {
					08C2888D1E9781F7006536B4 = {
						CreatedOnToolsVersion = 8.3;
						DevelopmentTeam = 28H4S8HVM3;
						LastSwiftMigration = 0830;
						ProvisioningStyle = Automatic;
					};
				};
			};
			buildConfigurationList = 08C288891E9781F7006536B4 /* Build configuration list for PBXProject "analytics test" */;
			compatibilityVersion = "Xcode 3.2";
			developmentRegion = English;
			hasScannedForEncodings = 0;
			knownRegions = (
				en,
				Base,
			);
			mainGroup = 08C288851E9781F7006536B4;
			productRefGroup = 08C2888F1E9781F7006536B4 /* Products */;
			projectDirPath = "";
			projectRoot = "";
			targets = (
				08C2888D1E9781F7006536B4 /* analytics test */,
			);
		};
/* End PBXProject section */

/* Begin PBXResourcesBuildPhase section */
		08C2888C1E9781F7006536B4 /* Resources */ = {
			isa = PBXResourcesBuildPhase;
			buildActionMask = 2147483647;
			files = (
				08C2889C1E9781F7006536B4 /* LaunchScreen.storyboard in Resources */,
				08C288A81E978477006536B4 /* GoogleService-Info.plist in Resources */,
				08C288991E9781F7006536B4 /* Assets.xcassets in Resources */,
				08C288971E9781F7006536B4 /* Main.storyboard in Resources */,
			);
			runOnlyForDeploymentPostprocessing = 0;
		};
/* End PBXResourcesBuildPhase section */

/* Begin PBXShellScriptBuildPhase section */
		4B15851420A062AACE0B363E /* [CP] Check Pods Manifest.lock */ = {
			isa = PBXShellScriptBuildPhase;
			buildActionMask = 2147483647;
			files = (
			);
			inputPaths = (
			);
			name = "[CP] Check Pods Manifest.lock";
			outputPaths = (
			);
			runOnlyForDeploymentPostprocessing = 0;
			shellPath = /bin/sh;
			shellScript = "diff \"${PODS_ROOT}/../Podfile.lock\" \"${PODS_ROOT}/Manifest.lock\" > /dev/null\nif [ $? != 0 ] ; then\n    # print error to STDERR\n    echo \"error: The sandbox is not in sync with the Podfile.lock. Run 'pod install' or update your CocoaPods installation.\" >&2\n    exit 1\nfi\n";
			showEnvVarsInLog = 0;
		};
		87F08285121C3A88E7B05407 /* [CP] Copy Pods Resources */ = {
			isa = PBXShellScriptBuildPhase;
			buildActionMask = 2147483647;
			files = (
			);
			inputPaths = (
			);
			name = "[CP] Copy Pods Resources";
			outputPaths = (
			);
			runOnlyForDeploymentPostprocessing = 0;
			shellPath = /bin/sh;
			shellScript = "\"${SRCROOT}/Pods/Target Support Files/Pods-analytics test/Pods-analytics test-resources.sh\"\n";
			showEnvVarsInLog = 0;
		};
		A3C1DB93C09B321D08E184E3 /* [CP] Embed Pods Frameworks */ = {
			isa = PBXShellScriptBuildPhase;
			buildActionMask = 2147483647;
			files = (
			);
			inputPaths = (
			);
			name = "[CP] Embed Pods Frameworks";
			outputPaths = (
			);
			runOnlyForDeploymentPostprocessing = 0;
			shellPath = /bin/sh;
			shellScript = "\"${SRCROOT}/Pods/Target Support Files/Pods-analytics test/Pods-analytics test-frameworks.sh\"\n";
			showEnvVarsInLog = 0;
		};
/* End PBXShellScriptBuildPhase section */

/* Begin PBXSourcesBuildPhase section */
		08C2888A1E9781F7006536B4 /* Sources */ = {
			isa = PBXSourcesBuildPhase;
			buildActionMask = 2147483647;
			files = (
				08C288941E9781F7006536B4 /* ViewController.swift in Sources */,
				08C288921E9781F7006536B4 /* AppDelegate.swift in Sources */,
			);
			runOnlyForDeploymentPostprocessing = 0;
		};
/* End PBXSourcesBuildPhase section */

/* Begin PBXVariantGroup section */
		08C288951E9781F7006536B4 /* Main.storyboard */ = {
			isa = PBXVariantGroup;
			children = (
				08C288961E9781F7006536B4 /* Base */,
			);
			name = Main.storyboard;
			sourceTree = "<group>";
		};
		08C2889A1E9781F7006536B4 /* LaunchScreen.storyboard */ = {
			isa = PBXVariantGroup;
			children = (
				08C2889B1E9781F7006536B4 /* Base */,
			);
			name = LaunchScreen.storyboard;
			sourceTree = "<group>";
		};
/* End PBXVariantGroup section */

/* Begin XCBuildConfiguration section */
		08C2889E1E9781F7006536B4 /* Debug */ = {
			isa = XCBuildConfiguration;
			buildSettings = {
				ALWAYS_SEARCH_USER_PATHS = NO;
				CLANG_ANALYZER_NONNULL = YES;
				CLANG_ANALYZER_NUMBER_OBJECT_CONVERSION = YES_AGGRESSIVE;
				CLANG_CXX_LANGUAGE_STANDARD = "gnu++0x";
				CLANG_CXX_LIBRARY = "libc++";
				CLANG_ENABLE_MODULES = YES;
				CLANG_ENABLE_OBJC_ARC = YES;
				CLANG_WARN_BOOL_CONVERSION = YES;
				CLANG_WARN_CONSTANT_CONVERSION = YES;
				CLANG_WARN_DIRECT_OBJC_ISA_USAGE = YES_ERROR;
				CLANG_WARN_DOCUMENTATION_COMMENTS = YES;
				CLANG_WARN_EMPTY_BODY = YES;
				CLANG_WARN_ENUM_CONVERSION = YES;
				CLANG_WARN_INFINITE_RECURSION = YES;
				CLANG_WARN_INT_CONVERSION = YES;
				CLANG_WARN_OBJC_ROOT_CLASS = YES_ERROR;
				CLANG_WARN_SUSPICIOUS_MOVE = YES;
				CLANG_WARN_UNREACHABLE_CODE = YES;
				CLANG_WARN__DUPLICATE_METHOD_MATCH = YES;
				"CODE_SIGN_IDENTITY[sdk=iphoneos*]" = "iPhone Developer";
				COPY_PHASE_STRIP = NO;
				DEBUG_INFORMATION_FORMAT = dwarf;
				ENABLE_STRICT_OBJC_MSGSEND = YES;
				ENABLE_TESTABILITY = YES;
				GCC_C_LANGUAGE_STANDARD = gnu99;
				GCC_DYNAMIC_NO_PIC = NO;
				GCC_NO_COMMON_BLOCKS = YES;
				GCC_OPTIMIZATION_LEVEL = 0;
				GCC_PREPROCESSOR_DEFINITIONS = (
					"DEBUG=1",
					"$(inherited)",
				);
				GCC_WARN_64_TO_32_BIT_CONVERSION = YES;
				GCC_WARN_ABOUT_RETURN_TYPE = YES_ERROR;
				GCC_WARN_UNDECLARED_SELECTOR = YES;
				GCC_WARN_UNINITIALIZED_AUTOS = YES_AGGRESSIVE;
				GCC_WARN_UNUSED_FUNCTION = YES;
				GCC_WARN_UNUSED_VARIABLE = YES;
				IPHONEOS_DEPLOYMENT_TARGET = 10.3;
				MTL_ENABLE_DEBUG_INFO = YES;
				ONLY_ACTIVE_ARCH = YES;
				SDKROOT = iphoneos;
				SWIFT_ACTIVE_COMPILATION_CONDITIONS = DEBUG;
				SWIFT_OPTIMIZATION_LEVEL = "-Onone";
				TARGETED_DEVICE_FAMILY = "1,2";
			};
			name = Debug;
		};
		08C2889F1E9781F7006536B4 /* Release */ = {
			isa = XCBuildConfiguration;
			buildSettings = {
				ALWAYS_SEARCH_USER_PATHS = NO;
				CLANG_ANALYZER_NONNULL = YES;
				CLANG_ANALYZER_NUMBER_OBJECT_CONVERSION = YES_AGGRESSIVE;
				CLANG_CXX_LANGUAGE_STANDARD = "gnu++0x";
				CLANG_CXX_LIBRARY = "libc++";
				CLANG_ENABLE_MODULES = YES;
				CLANG_ENABLE_OBJC_ARC = YES;
				CLANG_WARN_BOOL_CONVERSION = YES;
				CLANG_WARN_CONSTANT_CONVERSION = YES;
				CLANG_WARN_DIRECT_OBJC_ISA_USAGE = YES_ERROR;
				CLANG_WARN_DOCUMENTATION_COMMENTS = YES;
				CLANG_WARN_EMPTY_BODY = YES;
				CLANG_WARN_ENUM_CONVERSION = YES;
				CLANG_WARN_INFINITE_RECURSION = YES;
				CLANG_WARN_INT_CONVERSION = YES;
				CLANG_WARN_OBJC_ROOT_CLASS = YES_ERROR;
				CLANG_WARN_SUSPICIOUS_MOVE = YES;
				CLANG_WARN_UNREACHABLE_CODE = YES;
				CLANG_WARN__DUPLICATE_METHOD_MATCH = YES;
				"CODE_SIGN_IDENTITY[sdk=iphoneos*]" = "iPhone Developer";
				COPY_PHASE_STRIP = NO;
				DEBUG_INFORMATION_FORMAT = "dwarf-with-dsym";
				ENABLE_NS_ASSERTIONS = NO;
				ENABLE_STRICT_OBJC_MSGSEND = YES;
				GCC_C_LANGUAGE_STANDARD = gnu99;
				GCC_NO_COMMON_BLOCKS = YES;
				GCC_WARN_64_TO_32_BIT_CONVERSION = YES;
				GCC_WARN_ABOUT_RETURN_TYPE = YES_ERROR;
				GCC_WARN_UNDECLARED_SELECTOR = YES;
				GCC_WARN_UNINITIALIZED_AUTOS = YES_AGGRESSIVE;
				GCC_WARN_UNUSED_FUNCTION = YES;
				GCC_WARN_UNUSED_VARIABLE = YES;
				IPHONEOS_DEPLOYMENT_TARGET = 10.3;
				MTL_ENABLE_DEBUG_INFO = NO;
				SDKROOT = iphoneos;
				SWIFT_OPTIMIZATION_LEVEL = "-Owholemodule";
				TARGETED_DEVICE_FAMILY = "1,2";
				VALIDATE_PRODUCT = YES;
			};
			name = Release;
		};
		08C288A11E9781F7006536B4 /* Debug */ = {
			isa = XCBuildConfiguration;
			baseConfigurationReference = FFC100E6CD2336B5BC8CFE59 /* Pods-analytics test.debug.xcconfig */;
			buildSettings = {
				ASSETCATALOG_COMPILER_APPICON_NAME = AppIcon;
				CLANG_ENABLE_MODULES = YES;
				DEVELOPMENT_TEAM = 28H4S8HVM3;
				INFOPLIST_FILE = "analytics test/Info.plist";
				LD_RUNPATH_SEARCH_PATHS = "$(inherited) @executable_path/Frameworks";
				PRODUCT_BUNDLE_IDENTIFIER = "justforstudy.analytics-test";
				PRODUCT_NAME = "$(TARGET_NAME)";
				SWIFT_OBJC_BRIDGING_HEADER = "analytics test-Bridging-Header.h";
				SWIFT_OPTIMIZATION_LEVEL = "-Onone";
				SWIFT_VERSION = 3.0;
			};
			name = Debug;
		};
		08C288A21E9781F7006536B4 /* Release */ = {
			isa = XCBuildConfiguration;
			baseConfigurationReference = C673DBA9D145D7D27B7827B4 /* Pods-analytics test.release.xcconfig */;
			buildSettings = {
				ASSETCATALOG_COMPILER_APPICON_NAME = AppIcon;
				CLANG_ENABLE_MODULES = YES;
				DEVELOPMENT_TEAM = 28H4S8HVM3;
				INFOPLIST_FILE = "analytics test/Info.plist";
				LD_RUNPATH_SEARCH_PATHS = "$(inherited) @executable_path/Frameworks";
				PRODUCT_BUNDLE_IDENTIFIER = "justforstudy.analytics-test";
				PRODUCT_NAME = "$(TARGET_NAME)";
				SWIFT_OBJC_BRIDGING_HEADER = "analytics test-Bridging-Header.h";
				SWIFT_VERSION = 3.0;
			};
			name = Release;
		};
/* End XCBuildConfiguration section */

/* Begin XCConfigurationList section */
		08C288891E9781F7006536B4 /* Build configuration list for PBXProject "analytics test" */ = {
			isa = XCConfigurationList;
			buildConfigurations = (
				08C2889E1E9781F7006536B4 /* Debug */,
				08C2889F1E9781F7006536B4 /* Release */,
			);
			defaultConfigurationIsVisible = 0;
			defaultConfigurationName = Release;
		};
		08C288A01E9781F7006536B4 /* Build configuration list for PBXNativeTarget "analytics test" */ = {
			isa = XCConfigurationList;
			buildConfigurations = (
				08C288A11E9781F7006536B4 /* Debug */,
				08C288A21E9781F7006536B4 /* Release */,
			);
			defaultConfigurationIsVisible = 0;
			defaultConfigurationName = Release;
		};
/* End XCConfigurationList section */
	};
	rootObject = 08C288861E9781F7006536B4 /* Project object */;
}
